// !$*UTF8*$!
{
	archiveVersion = 1;
	classes = {
	};
	objectVersion = 77;
	objects = {

/* Begin PBXBuildFile section */
		04CDBB1AEFDB09993E1867FF /* PermissionGuideWindow.swift in Sources */ = {isa = PBXBuildFile; fileRef = 2B5252E71CDD37942299004F /* PermissionGuideWindow.swift */; };
		097667E2CBD98ED27B666656 /* MockTranscriptionEngine.swift in Sources */ = {isa = PBXBuildFile; fileRef = A21CC2B73F205DDEA13DE704 /* MockTranscriptionEngine.swift */; };
		0A71E31A51D2EC604CDAF28F /* DictationModels.swift in Sources */ = {isa = PBXBuildFile; fileRef = 57F88FDABE976A050039E642 /* DictationModels.swift */; };
		1A1A0414379C0E271BA31433 /* AppAppearance.swift in Sources */ = {isa = PBXBuildFile; fileRef = DC6DC8041CF3DCC911E00F24 /* AppAppearance.swift */; };
		1BDB85799A6EF2B230C44C95 /* MeetingStore.swift in Sources */ = {isa = PBXBuildFile; fileRef = 9E82B6E6F4A16C4CBB239C15 /* MeetingStore.swift */; };
		21A1017BCC23BECAABA91360 /* StyleProfileResolver.swift in Sources */ = {isa = PBXBuildFile; fileRef = 33A5B98D12ED3F424919D9FC /* StyleProfileResolver.swift */; };
		265C72DF972FF33D0A15BFA1 /* ShortcutExpansionService.swift in Sources */ = {isa = PBXBuildFile; fileRef = 3EBFA44D1684C89D8604C40F /* ShortcutExpansionService.swift */; };
		28E458EF554469DF6A804BC5 /* CadenceTests.swift in Sources */ = {isa = PBXBuildFile; fileRef = 9880DDA2B852F0ED7E7ECC0F /* CadenceTests.swift */; };
		2D950BB2549846B4C6E7BF2F /* ScribeContextServiceTests.swift in Sources */ = {isa = PBXBuildFile; fileRef = D75497C3F44A3081C0A107D3 /* ScribeContextServiceTests.swift */; };
		314837379E746B0738FE0D05 /* TranscriptionAudioPreprocessor.swift in Sources */ = {isa = PBXBuildFile; fileRef = 9D8371975360FC8D8C76AB8C /* TranscriptionAudioPreprocessor.swift */; };
		374F72155EFC90A04DFF1321 /* AppModel.swift in Sources */ = {isa = PBXBuildFile; fileRef = 84BAA74864E494C5E664E268 /* AppModel.swift */; };
		3902A86EA028BD31FCEA7A76 /* MeetingFinalTranscriptionService.swift in Sources */ = {isa = PBXBuildFile; fileRef = 0738EECF8CC35F6E2FAC3C7B /* MeetingFinalTranscriptionService.swift */; };
		3986DD601DC81674550A4CD3 /* ScribeModels.swift in Sources */ = {isa = PBXBuildFile; fileRef = FF8D98AB990D3D3E1C7B90F7 /* ScribeModels.swift */; };
		3AD32478D874A45AF9236DBF /* ScribeCoordinator.swift in Sources */ = {isa = PBXBuildFile; fileRef = C5E5EB8FD31C509E20741A42 /* ScribeCoordinator.swift */; };
		43A6653D967FC59ABC91624E /* CadenceApp.swift in Sources */ = {isa = PBXBuildFile; fileRef = CCD2468FAE7A89F2B18DEDAF /* CadenceApp.swift */; };
		4AE5455D62B547759960A4D8 /* ScribeContextService.swift in Sources */ = {isa = PBXBuildFile; fileRef = 5471DB10D447DC26C66499B4 /* ScribeContextService.swift */; };
		4C6CACBC4A395B70FE3BDC11 /* ScribeTests.swift in Sources */ = {isa = PBXBuildFile; fileRef = F5E855124924D6CDE8135E7B /* ScribeTests.swift */; };
		528C236DA42EA03EAB731414 /* PersonalizationStore.swift in Sources */ = {isa = PBXBuildFile; fileRef = 8F79D43E58B9D94CA1C36BFB /* PersonalizationStore.swift */; };
		541432DC77D74A0DAB846DAB /* AnalyticsService.swift in Sources */ = {isa = PBXBuildFile; fileRef = 3BD8226A6E492745025CF418 /* AnalyticsService.swift */; };
		57F06125EB560A0004973BDA /* MeetingDetectionService.swift in Sources */ = {isa = PBXBuildFile; fileRef = BAAE902E9A7F2F2906C91892 /* MeetingDetectionService.swift */; };
		5E268FC2CD9E558B8CEAFCE0 /* CalendarEventCacheStore.swift in Sources */ = {isa = PBXBuildFile; fileRef = 6A485E597733F3F0F173BF23 /* CalendarEventCacheStore.swift */; };
		6441E942D018DF9194C80446 /* PersonalizationTests.swift in Sources */ = {isa = PBXBuildFile; fileRef = 92617578D8E7278F00452C6A /* PersonalizationTests.swift */; };
		6CB478AD12E64CFE521C6215 /* SettingsView.swift in Sources */ = {isa = PBXBuildFile; fileRef = 42E7124C5AF7EC6EBAB0DE7E /* SettingsView.swift */; };
		6EEA0FEF55A747191E62FC60 /* MenuContentView.swift in Sources */ = {isa = PBXBuildFile; fileRef = 74D31167C2A859EE0ABCF3AB /* MenuContentView.swift */; };
		760EAABAB0ED99780F4DAFDB /* MeetingNotesWindow.swift in Sources */ = {isa = PBXBuildFile; fileRef = E9A4D477D2C8E8FAFC88C5A6 /* MeetingNotesWindow.swift */; };
		8006F55E629A70E7ED335961 /* Assets.xcassets in Resources */ = {isa = PBXBuildFile; fileRef = 40FEC6F1B63663537E6E73B3 /* Assets.xcassets */; };
		878D21CBB261BD807AC20260 /* PermissionsService.swift in Sources */ = {isa = PBXBuildFile; fileRef = 37031AF8A914D482FABFFD6B /* PermissionsService.swift */; };
		92FC15C8C81AF3196473B914 /* VoiceSessionArbiter.swift in Sources */ = {isa = PBXBuildFile; fileRef = 033B2CF865C8DF76F736802F /* VoiceSessionArbiter.swift */; };
		944F0BE2AB36F33A1A8F3801 /* GoogleCalendarService.swift in Sources */ = {isa = PBXBuildFile; fileRef = C1BA8806A19E0089A3DBB906 /* GoogleCalendarService.swift */; };
		9EFC3E8FBCE0432BCC3C00E4 /* HUDWindowController.swift in Sources */ = {isa = PBXBuildFile; fileRef = FC22C16A79401A6870742A6E /* HUDWindowController.swift */; };
		A39F63A36F95685029B6753B /* DictationCoordinator.swift in Sources */ = {isa = PBXBuildFile; fileRef = 9B84BC5ABABEC140A56D89DD /* DictationCoordinator.swift */; };
		A5F36020AF84151664929781 /* MeetingAudioStore.swift in Sources */ = {isa = PBXBuildFile; fileRef = CB40F5DFBCB574CACFAFA572 /* MeetingAudioStore.swift */; };
		ABAAF7AD1FA70D69BA85152C /* TextInsertionService.swift in Sources */ = {isa = PBXBuildFile; fileRef = FF53A70456557098B43E818E /* TextInsertionService.swift */; };
		ABAD465AB72369B95269DDFA /* SystemAudioCaptureService.swift in Sources */ = {isa = PBXBuildFile; fileRef = 5DB6392F9F82CF975E2419B0 /* SystemAudioCaptureService.swift */; };
		B61EFD617B4E75AC083EF588 /* AppDelegate.swift in Sources */ = {isa = PBXBuildFile; fileRef = 07592451F56FA01E1134A310 /* AppDelegate.swift */; };
		BC36445E2622767E16C4D4B5 /* MockScribeProvider.swift in Sources */ = {isa = PBXBuildFile; fileRef = 313AA9B02FCDB5A01080DE76 /* MockScribeProvider.swift */; };
		C3DB8E25F8D83D59D0D0CB53 /* ScribeCoordinatorTests.swift in Sources */ = {isa = PBXBuildFile; fileRef = DF8C6312871F32727CBB8DA8 /* ScribeCoordinatorTests.swift */; };
		C71EE7242BD181CB0DDC95E7 /* ScribeProvider.swift in Sources */ = {isa = PBXBuildFile; fileRef = 19004982898DC1FD2A4774E4 /* ScribeProvider.swift */; };
		C7F338241FF54CDBB0035A78 /* AudioCaptureService.swift in Sources */ = {isa = PBXBuildFile; fileRef = CF63FA1E7E53378DC4B66F6A /* AudioCaptureService.swift */; };
		CA7DEBC92273F86FC09DB926 /* WhisperKit in Frameworks */ = {isa = PBXBuildFile; productRef = C989632B526AB096BA7C8AAB /* WhisperKit */; };
		CED23C0651206274B8D9ECC6 /* PersonalizationModels.swift in Sources */ = {isa = PBXBuildFile; fileRef = B82DFA8D72277D8A1A6424D2 /* PersonalizationModels.swift */; };
		D0ACFD368BDD7CB8693AB2D7 /* HUDView.swift in Sources */ = {isa = PBXBuildFile; fileRef = 58943A986FD1C46B9F453ED0 /* HUDView.swift */; };
		D3E5CC707DAEC25A40DF8435 /* HotkeyService.swift in Sources */ = {isa = PBXBuildFile; fileRef = 36DCCAD2BECF88FDCBA8B4D3 /* HotkeyService.swift */; };
		DEECE242F028AE4B9DBA60FF /* MeetingModels.swift in Sources */ = {isa = PBXBuildFile; fileRef = E578BEB1EADBEB5800402E25 /* MeetingModels.swift */; };
		E997B3B075C3D2835177D4F3 /* MeetingSummaryService.swift in Sources */ = {isa = PBXBuildFile; fileRef = 62263A742DE5DC2596EF2445 /* MeetingSummaryService.swift */; };
		EE054AE21BAF7F07BF62DD2A /* WhisperKitTranscriptionEngine.swift in Sources */ = {isa = PBXBuildFile; fileRef = B5A8C73B4837E38B0677B8E5 /* WhisperKitTranscriptionEngine.swift */; };
		EF826D5DA46782A058A62AE8 /* TranscriptionEngine.swift in Sources */ = {isa = PBXBuildFile; fileRef = F5F1FF3B52C2E64C079B7C89 /* TranscriptionEngine.swift */; };
		FB42AB240E3A107E5126D3C0 /* MainWindowView.swift in Sources */ = {isa = PBXBuildFile; fileRef = DE629DF637FE0D79187F0CAF /* MainWindowView.swift */; };
		FECAB8F76B1CB6C9D93969C3 /* PermissionsView.swift in Sources */ = {isa = PBXBuildFile; fileRef = C484AD070A73A4BCF8F5D214 /* PermissionsView.swift */; };
		FF67B1A27DA18B3BCFB2A756 /* MeetingRollingTranscriptionService.swift in Sources */ = {isa = PBXBuildFile; fileRef = 76231658305ADA779483A7F8 /* MeetingRollingTranscriptionService.swift */; };
/* End PBXBuildFile section */

/* Begin PBXContainerItemProxy section */
		690B1C47F49DC7098F27DBE4 /* PBXContainerItemProxy */ = {
			isa = PBXContainerItemProxy;
			containerPortal = 9FA114BF81E88A4D01B65D31 /* Project object */;
			proxyType = 1;
			remoteGlobalIDString = 1D9D0CF3C214130166213D80;
			remoteInfo = Cadence;
		};
/* End PBXContainerItemProxy section */

/* Begin PBXFileReference section */
		033B2CF865C8DF76F736802F /* VoiceSessionArbiter.swift */ = {isa = PBXFileReference; lastKnownFileType = sourcecode.swift; path = VoiceSessionArbiter.swift; sourceTree = "<group>"; };
		0738EECF8CC35F6E2FAC3C7B /* MeetingFinalTranscriptionService.swift */ = {isa = PBXFileReference; lastKnownFileType = sourcecode.swift; path = MeetingFinalTranscriptionService.swift; sourceTree = "<group>"; };
		07592451F56FA01E1134A310 /* AppDelegate.swift */ = {isa = PBXFileReference; lastKnownFileType = sourcecode.swift; path = AppDelegate.swift; sourceTree = "<group>"; };
		19004982898DC1FD2A4774E4 /* ScribeProvider.swift */ = {isa = PBXFileReference; lastKnownFileType = sourcecode.swift; path = ScribeProvider.swift; sourceTree = "<group>"; };
		2747B5C0BD75EFECA1D2569B /* Cadence.app */ = {isa = PBXFileReference; explicitFileType = wrapper.application; includeInIndex = 0; path = Cadence.app; sourceTree = BUILT_PRODUCTS_DIR; };
		2B5252E71CDD37942299004F /* PermissionGuideWindow.swift */ = {isa = PBXFileReference; lastKnownFileType = sourcecode.swift; path = PermissionGuideWindow.swift; sourceTree = "<group>"; };
		2D05198AB1A24815EC49E523 /* Cadence.entitlements */ = {isa = PBXFileReference; lastKnownFileType = text.plist.entitlements; path = Cadence.entitlements; sourceTree = "<group>"; };
		313AA9B02FCDB5A01080DE76 /* MockScribeProvider.swift */ = {isa = PBXFileReference; lastKnownFileType = sourcecode.swift; path = MockScribeProvider.swift; sourceTree = "<group>"; };
		33A5B98D12ED3F424919D9FC /* StyleProfileResolver.swift */ = {isa = PBXFileReference; lastKnownFileType = sourcecode.swift; path = StyleProfileResolver.swift; sourceTree = "<group>"; };
		36DCCAD2BECF88FDCBA8B4D3 /* HotkeyService.swift */ = {isa = PBXFileReference; lastKnownFileType = sourcecode.swift; path = HotkeyService.swift; sourceTree = "<group>"; };
		37031AF8A914D482FABFFD6B /* PermissionsService.swift */ = {isa = PBXFileReference; lastKnownFileType = sourcecode.swift; path = PermissionsService.swift; sourceTree = "<group>"; };
		3BD8226A6E492745025CF418 /* AnalyticsService.swift */ = {isa = PBXFileReference; lastKnownFileType = sourcecode.swift; path = AnalyticsService.swift; sourceTree = "<group>"; };
		3EBFA44D1684C89D8604C40F /* ShortcutExpansionService.swift */ = {isa = PBXFileReference; lastKnownFileType = sourcecode.swift; path = ShortcutExpansionService.swift; sourceTree = "<group>"; };
		40FEC6F1B63663537E6E73B3 /* Assets.xcassets */ = {isa = PBXFileReference; lastKnownFileType = folder.assetcatalog; path = Assets.xcassets; sourceTree = "<group>"; };
		42E7124C5AF7EC6EBAB0DE7E /* SettingsView.swift */ = {isa = PBXFileReference; lastKnownFileType = sourcecode.swift; path = SettingsView.swift; sourceTree = "<group>"; };
		53DC5566E2688823A894040D /* CadenceTests.xctest */ = {isa = PBXFileReference; explicitFileType = wrapper.cfbundle; includeInIndex = 0; path = CadenceTests.xctest; sourceTree = BUILT_PRODUCTS_DIR; };
		5471DB10D447DC26C66499B4 /* ScribeContextService.swift */ = {isa = PBXFileReference; lastKnownFileType = sourcecode.swift; path = ScribeContextService.swift; sourceTree = "<group>"; };
		57F88FDABE976A050039E642 /* DictationModels.swift */ = {isa = PBXFileReference; lastKnownFileType = sourcecode.swift; path = DictationModels.swift; sourceTree = "<group>"; };
		58943A986FD1C46B9F453ED0 /* HUDView.swift */ = {isa = PBXFileReference; lastKnownFileType = sourcecode.swift; path = HUDView.swift; sourceTree = "<group>"; };
		5DB6392F9F82CF975E2419B0 /* SystemAudioCaptureService.swift */ = {isa = PBXFileReference; lastKnownFileType = sourcecode.swift; path = SystemAudioCaptureService.swift; sourceTree = "<group>"; };
		62263A742DE5DC2596EF2445 /* MeetingSummaryService.swift */ = {isa = PBXFileReference; lastKnownFileType = sourcecode.swift; path = MeetingSummaryService.swift; sourceTree = "<group>"; };
		6A485E597733F3F0F173BF23 /* CalendarEventCacheStore.swift */ = {isa = PBXFileReference; lastKnownFileType = sourcecode.swift; path = CalendarEventCacheStore.swift; sourceTree = "<group>"; };
		74D31167C2A859EE0ABCF3AB /* MenuContentView.swift */ = {isa = PBXFileReference; lastKnownFileType = sourcecode.swift; path = MenuContentView.swift; sourceTree = "<group>"; };
		76231658305ADA779483A7F8 /* MeetingRollingTranscriptionService.swift */ = {isa = PBXFileReference; lastKnownFileType = sourcecode.swift; path = MeetingRollingTranscriptionService.swift; sourceTree = "<group>"; };
		84BAA74864E494C5E664E268 /* AppModel.swift */ = {isa = PBXFileReference; lastKnownFileType = sourcecode.swift; path = AppModel.swift; sourceTree = "<group>"; };
		8F79D43E58B9D94CA1C36BFB /* PersonalizationStore.swift */ = {isa = PBXFileReference; lastKnownFileType = sourcecode.swift; path = PersonalizationStore.swift; sourceTree = "<group>"; };
		92617578D8E7278F00452C6A /* PersonalizationTests.swift */ = {isa = PBXFileReference; lastKnownFileType = sourcecode.swift; path = PersonalizationTests.swift; sourceTree = "<group>"; };
		9880DDA2B852F0ED7E7ECC0F /* CadenceTests.swift */ = {isa = PBXFileReference; lastKnownFileType = sourcecode.swift; path = CadenceTests.swift; sourceTree = "<group>"; };
		9B84BC5ABABEC140A56D89DD /* DictationCoordinator.swift */ = {isa = PBXFileReference; lastKnownFileType = sourcecode.swift; path = DictationCoordinator.swift; sourceTree = "<group>"; };
		9D8371975360FC8D8C76AB8C /* TranscriptionAudioPreprocessor.swift */ = {isa = PBXFileReference; lastKnownFileType = sourcecode.swift; path = TranscriptionAudioPreprocessor.swift; sourceTree = "<group>"; };
		9E82B6E6F4A16C4CBB239C15 /* MeetingStore.swift */ = {isa = PBXFileReference; lastKnownFileType = sourcecode.swift; path = MeetingStore.swift; sourceTree = "<group>"; };
		9E85A25830748F1DB17D21DB /* Info.plist */ = {isa = PBXFileReference; lastKnownFileType = text.plist; path = Info.plist; sourceTree = "<group>"; };
		A21CC2B73F205DDEA13DE704 /* MockTranscriptionEngine.swift */ = {isa = PBXFileReference; lastKnownFileType = sourcecode.swift; path = MockTranscriptionEngine.swift; sourceTree = "<group>"; };
		B5A8C73B4837E38B0677B8E5 /* WhisperKitTranscriptionEngine.swift */ = {isa = PBXFileReference; lastKnownFileType = sourcecode.swift; path = WhisperKitTranscriptionEngine.swift; sourceTree = "<group>"; };
		B82DFA8D72277D8A1A6424D2 /* PersonalizationModels.swift */ = {isa = PBXFileReference; lastKnownFileType = sourcecode.swift; path = PersonalizationModels.swift; sourceTree = "<group>"; };
		BAAE902E9A7F2F2906C91892 /* MeetingDetectionService.swift */ = {isa = PBXFileReference; lastKnownFileType = sourcecode.swift; path = MeetingDetectionService.swift; sourceTree = "<group>"; };
		C1BA8806A19E0089A3DBB906 /* GoogleCalendarService.swift */ = {isa = PBXFileReference; lastKnownFileType = sourcecode.swift; path = GoogleCalendarService.swift; sourceTree = "<group>"; };
		C484AD070A73A4BCF8F5D214 /* PermissionsView.swift */ = {isa = PBXFileReference; lastKnownFileType = sourcecode.swift; path = PermissionsView.swift; sourceTree = "<group>"; };
		C5E5EB8FD31C509E20741A42 /* ScribeCoordinator.swift */ = {isa = PBXFileReference; lastKnownFileType = sourcecode.swift; path = ScribeCoordinator.swift; sourceTree = "<group>"; };
		CB40F5DFBCB574CACFAFA572 /* MeetingAudioStore.swift */ = {isa = PBXFileReference; lastKnownFileType = sourcecode.swift; path = MeetingAudioStore.swift; sourceTree = "<group>"; };
		CCD2468FAE7A89F2B18DEDAF /* CadenceApp.swift */ = {isa = PBXFileReference; lastKnownFileType = sourcecode.swift; path = CadenceApp.swift; sourceTree = "<group>"; };
		CF63FA1E7E53378DC4B66F6A /* AudioCaptureService.swift */ = {isa = PBXFileReference; lastKnownFileType = sourcecode.swift; path = AudioCaptureService.swift; sourceTree = "<group>"; };
		D75497C3F44A3081C0A107D3 /* ScribeContextServiceTests.swift */ = {isa = PBXFileReference; lastKnownFileType = sourcecode.swift; path = ScribeContextServiceTests.swift; sourceTree = "<group>"; };
		DC6DC8041CF3DCC911E00F24 /* AppAppearance.swift */ = {isa = PBXFileReference; lastKnownFileType = sourcecode.swift; path = AppAppearance.swift; sourceTree = "<group>"; };
		DE629DF637FE0D79187F0CAF /* MainWindowView.swift */ = {isa = PBXFileReference; lastKnownFileType = sourcecode.swift; path = MainWindowView.swift; sourceTree = "<group>"; };
		DF8C6312871F32727CBB8DA8 /* ScribeCoordinatorTests.swift */ = {isa = PBXFileReference; lastKnownFileType = sourcecode.swift; path = ScribeCoordinatorTests.swift; sourceTree = "<group>"; };
		E578BEB1EADBEB5800402E25 /* MeetingModels.swift */ = {isa = PBXFileReference; lastKnownFileType = sourcecode.swift; path = MeetingModels.swift; sourceTree = "<group>"; };
		E9A4D477D2C8E8FAFC88C5A6 /* MeetingNotesWindow.swift */ = {isa = PBXFileReference; lastKnownFileType = sourcecode.swift; path = MeetingNotesWindow.swift; sourceTree = "<group>"; };
		F5E855124924D6CDE8135E7B /* ScribeTests.swift */ = {isa = PBXFileReference; lastKnownFileType = sourcecode.swift; path = ScribeTests.swift; sourceTree = "<group>"; };
		F5F1FF3B52C2E64C079B7C89 /* TranscriptionEngine.swift */ = {isa = PBXFileReference; lastKnownFileType = sourcecode.swift; path = TranscriptionEngine.swift; sourceTree = "<group>"; };
		FC22C16A79401A6870742A6E /* HUDWindowController.swift */ = {isa = PBXFileReference; lastKnownFileType = sourcecode.swift; path = HUDWindowController.swift; sourceTree = "<group>"; };
		FF53A70456557098B43E818E /* TextInsertionService.swift */ = {isa = PBXFileReference; lastKnownFileType = sourcecode.swift; path = TextInsertionService.swift; sourceTree = "<group>"; };
		FF8D98AB990D3D3E1C7B90F7 /* ScribeModels.swift */ = {isa = PBXFileReference; lastKnownFileType = sourcecode.swift; path = ScribeModels.swift; sourceTree = "<group>"; };
/* End PBXFileReference section */

/* Begin PBXFrameworksBuildPhase section */
		56B76F527BA1B0C195D380DB /* Frameworks */ = {
			isa = PBXFrameworksBuildPhase;
			buildActionMask = 2147483647;
			files = (
				CA7DEBC92273F86FC09DB926 /* WhisperKit in Frameworks */,
			);
			runOnlyForDeploymentPostprocessing = 0;
		};
/* End PBXFrameworksBuildPhase section */

/* Begin PBXGroup section */
		474DB1E3FA7ECC764925DA48 /* CadenceTests */ = {
			isa = PBXGroup;
			children = (
				9880DDA2B852F0ED7E7ECC0F /* CadenceTests.swift */,
				92617578D8E7278F00452C6A /* PersonalizationTests.swift */,
				D75497C3F44A3081C0A107D3 /* ScribeContextServiceTests.swift */,
				DF8C6312871F32727CBB8DA8 /* ScribeCoordinatorTests.swift */,
				F5E855124924D6CDE8135E7B /* ScribeTests.swift */,
			);
			path = CadenceTests;
			sourceTree = "<group>";
		};
		5875D9DE20878243E04EB85B /* Models */ = {
			isa = PBXGroup;
			children = (
				DC6DC8041CF3DCC911E00F24 /* AppAppearance.swift */,
				57F88FDABE976A050039E642 /* DictationModels.swift */,
				E578BEB1EADBEB5800402E25 /* MeetingModels.swift */,
				B82DFA8D72277D8A1A6424D2 /* PersonalizationModels.swift */,
				FF8D98AB990D3D3E1C7B90F7 /* ScribeModels.swift */,
			);
			path = Models;
			sourceTree = "<group>";
		};
		61BD71A810CD4ACDBE6E4E92 /* UI */ = {
			isa = PBXGroup;
			children = (
				58943A986FD1C46B9F453ED0 /* HUDView.swift */,
				DE629DF637FE0D79187F0CAF /* MainWindowView.swift */,
				E9A4D477D2C8E8FAFC88C5A6 /* MeetingNotesWindow.swift */,
				74D31167C2A859EE0ABCF3AB /* MenuContentView.swift */,
				2B5252E71CDD37942299004F /* PermissionGuideWindow.swift */,
				C484AD070A73A4BCF8F5D214 /* PermissionsView.swift */,
				42E7124C5AF7EC6EBAB0DE7E /* SettingsView.swift */,
			);
			path = UI;
			sourceTree = "<group>";
		};
		6A9F1C3B6267176F20AE4B03 = {
			isa = PBXGroup;
			children = (
				FD48710B608BE6A57DA448D7 /* Cadence */,
				474DB1E3FA7ECC764925DA48 /* CadenceTests */,
				ADFE63F9A7B11522B6C8E81A /* Products */,
			);
			sourceTree = "<group>";
		};
		78D2D1E4520BA69AC30BB1CB /* App */ = {
			isa = PBXGroup;
			children = (
				07592451F56FA01E1134A310 /* AppDelegate.swift */,
				84BAA74864E494C5E664E268 /* AppModel.swift */,
				CCD2468FAE7A89F2B18DEDAF /* CadenceApp.swift */,
			);
			path = App;
			sourceTree = "<group>";
		};
		ADFE63F9A7B11522B6C8E81A /* Products */ = {
			isa = PBXGroup;
			children = (
				2747B5C0BD75EFECA1D2569B /* Cadence.app */,
				53DC5566E2688823A894040D /* CadenceTests.xctest */,
			);
			name = Products;
			sourceTree = "<group>";
		};
		C44473C867EA22AD5CDA9820 /* Services */ = {
			isa = PBXGroup;
			children = (
				3BD8226A6E492745025CF418 /* AnalyticsService.swift */,
				CF63FA1E7E53378DC4B66F6A /* AudioCaptureService.swift */,
				6A485E597733F3F0F173BF23 /* CalendarEventCacheStore.swift */,
				9B84BC5ABABEC140A56D89DD /* DictationCoordinator.swift */,
				C1BA8806A19E0089A3DBB906 /* GoogleCalendarService.swift */,
				36DCCAD2BECF88FDCBA8B4D3 /* HotkeyService.swift */,
				FC22C16A79401A6870742A6E /* HUDWindowController.swift */,
				CB40F5DFBCB574CACFAFA572 /* MeetingAudioStore.swift */,
				BAAE902E9A7F2F2906C91892 /* MeetingDetectionService.swift */,
				0738EECF8CC35F6E2FAC3C7B /* MeetingFinalTranscriptionService.swift */,
				76231658305ADA779483A7F8 /* MeetingRollingTranscriptionService.swift */,
				9E82B6E6F4A16C4CBB239C15 /* MeetingStore.swift */,
				62263A742DE5DC2596EF2445 /* MeetingSummaryService.swift */,
				313AA9B02FCDB5A01080DE76 /* MockScribeProvider.swift */,
				A21CC2B73F205DDEA13DE704 /* MockTranscriptionEngine.swift */,
				37031AF8A914D482FABFFD6B /* PermissionsService.swift */,
				8F79D43E58B9D94CA1C36BFB /* PersonalizationStore.swift */,
				5471DB10D447DC26C66499B4 /* ScribeContextService.swift */,
				C5E5EB8FD31C509E20741A42 /* ScribeCoordinator.swift */,
				19004982898DC1FD2A4774E4 /* ScribeProvider.swift */,
				3EBFA44D1684C89D8604C40F /* ShortcutExpansionService.swift */,
				33A5B98D12ED3F424919D9FC /* StyleProfileResolver.swift */,
				5DB6392F9F82CF975E2419B0 /* SystemAudioCaptureService.swift */,
				FF53A70456557098B43E818E /* TextInsertionService.swift */,
				9D8371975360FC8D8C76AB8C /* TranscriptionAudioPreprocessor.swift */,
				F5F1FF3B52C2E64C079B7C89 /* TranscriptionEngine.swift */,
				033B2CF865C8DF76F736802F /* VoiceSessionArbiter.swift */,
				B5A8C73B4837E38B0677B8E5 /* WhisperKitTranscriptionEngine.swift */,
			);
			path = Services;
			sourceTree = "<group>";
		};
		D87C65B2CE58FF128729C435 /* Supporting */ = {
			isa = PBXGroup;
			children = (
				9E85A25830748F1DB17D21DB /* Info.plist */,
			);
			path = Supporting;
			sourceTree = "<group>";
		};
		FD48710B608BE6A57DA448D7 /* Cadence */ = {
			isa = PBXGroup;
			children = (
				40FEC6F1B63663537E6E73B3 /* Assets.xcassets */,
				2D05198AB1A24815EC49E523 /* Cadence.entitlements */,
				78D2D1E4520BA69AC30BB1CB /* App */,
				5875D9DE20878243E04EB85B /* Models */,
				C44473C867EA22AD5CDA9820 /* Services */,
				D87C65B2CE58FF128729C435 /* Supporting */,
				61BD71A810CD4ACDBE6E4E92 /* UI */,
			);
			path = Cadence;
			sourceTree = "<group>";
		};
/* End PBXGroup section */

/* Begin PBXNativeTarget section */
		1D9D0CF3C214130166213D80 /* Cadence */ = {
			isa = PBXNativeTarget;
			buildConfigurationList = 07126B28B5B904C139BBD128 /* Build configuration list for PBXNativeTarget "Cadence" */;
			buildPhases = (
				1F5350DE3B53E65CAAF89D1D /* Sources */,
				BFA5A0EE784FE6F59E5E0293 /* Resources */,
				56B76F527BA1B0C195D380DB /* Frameworks */,
			);
			buildRules = (
			);
			dependencies = (
			);
			name = Cadence;
			packageProductDependencies = (
				C989632B526AB096BA7C8AAB /* WhisperKit */,
			);
			productName = Cadence;
			productReference = 2747B5C0BD75EFECA1D2569B /* Cadence.app */;
			productType = "com.apple.product-type.application";
		};
		3C958ED18FAE60638046C026 /* CadenceTests */ = {
			isa = PBXNativeTarget;
			buildConfigurationList = 66B1F7C89C12897815378340 /* Build configuration list for PBXNativeTarget "CadenceTests" */;
			buildPhases = (
				94943CCF8CDAF6F711DB61FA /* Sources */,
			);
			buildRules = (
			);
			dependencies = (
				EFC1C557A6F407EF2ED1660D /* PBXTargetDependency */,
			);
			name = CadenceTests;
			packageProductDependencies = (
			);
			productName = CadenceTests;
			productReference = 53DC5566E2688823A894040D /* CadenceTests.xctest */;
			productType = "com.apple.product-type.bundle.unit-test";
		};
/* End PBXNativeTarget section */

/* Begin PBXProject section */
		9FA114BF81E88A4D01B65D31 /* Project object */ = {
			isa = PBXProject;
			attributes = {
				BuildIndependentTargetsInParallel = YES;
				LastUpgradeCheck = 1430;
				TargetAttributes = {
					1D9D0CF3C214130166213D80 = {
						DevelopmentTeam = P3MT7UXJ5N;
						ProvisioningStyle = Manual;
					};
				};
			};
			buildConfigurationList = 6735F591880E2DF1BC393107 /* Build configuration list for PBXProject "Cadence" */;
			developmentRegion = en;
			hasScannedForEncodings = 0;
			knownRegions = (
				Base,
				en,
			);
			mainGroup = 6A9F1C3B6267176F20AE4B03;
			minimizedProjectReferenceProxies = 1;
			packageReferences = (
				5AA91E44175587E60289FC93 /* XCRemoteSwiftPackageReference "argmax-oss-swift" */,
			);
			preferredProjectObjectVersion = 77;
			productRefGroup = ADFE63F9A7B11522B6C8E81A /* Products */;
			projectDirPath = "";
			projectRoot = "";
			targets = (
				1D9D0CF3C214130166213D80 /* Cadence */,
				3C958ED18FAE60638046C026 /* CadenceTests */,
			);
		};
/* End PBXProject section */

/* Begin PBXResourcesBuildPhase section */
		BFA5A0EE784FE6F59E5E0293 /* Resources */ = {
			isa = PBXResourcesBuildPhase;
			buildActionMask = 2147483647;
			files = (
				8006F55E629A70E7ED335961 /* Assets.xcassets in Resources */,
			);
			runOnlyForDeploymentPostprocessing = 0;
		};
/* End PBXResourcesBuildPhase section */

/* Begin PBXSourcesBuildPhase section */
		1F5350DE3B53E65CAAF89D1D /* Sources */ = {
			isa = PBXSourcesBuildPhase;
			buildActionMask = 2147483647;
			files = (
				541432DC77D74A0DAB846DAB /* AnalyticsService.swift in Sources */,
				1A1A0414379C0E271BA31433 /* AppAppearance.swift in Sources */,
				B61EFD617B4E75AC083EF588 /* AppDelegate.swift in Sources */,
				374F72155EFC90A04DFF1321 /* AppModel.swift in Sources */,
				C7F338241FF54CDBB0035A78 /* AudioCaptureService.swift in Sources */,
				43A6653D967FC59ABC91624E /* CadenceApp.swift in Sources */,
				5E268FC2CD9E558B8CEAFCE0 /* CalendarEventCacheStore.swift in Sources */,
				A39F63A36F95685029B6753B /* DictationCoordinator.swift in Sources */,
				0A71E31A51D2EC604CDAF28F /* DictationModels.swift in Sources */,
				944F0BE2AB36F33A1A8F3801 /* GoogleCalendarService.swift in Sources */,
				D0ACFD368BDD7CB8693AB2D7 /* HUDView.swift in Sources */,
				9EFC3E8FBCE0432BCC3C00E4 /* HUDWindowController.swift in Sources */,
				D3E5CC707DAEC25A40DF8435 /* HotkeyService.swift in Sources */,
				FB42AB240E3A107E5126D3C0 /* MainWindowView.swift in Sources */,
				A5F36020AF84151664929781 /* MeetingAudioStore.swift in Sources */,
				57F06125EB560A0004973BDA /* MeetingDetectionService.swift in Sources */,
				3902A86EA028BD31FCEA7A76 /* MeetingFinalTranscriptionService.swift in Sources */,
				DEECE242F028AE4B9DBA60FF /* MeetingModels.swift in Sources */,
				760EAABAB0ED99780F4DAFDB /* MeetingNotesWindow.swift in Sources */,
				FF67B1A27DA18B3BCFB2A756 /* MeetingRollingTranscriptionService.swift in Sources */,
				1BDB85799A6EF2B230C44C95 /* MeetingStore.swift in Sources */,
				E997B3B075C3D2835177D4F3 /* MeetingSummaryService.swift in Sources */,
				6EEA0FEF55A747191E62FC60 /* MenuContentView.swift in Sources */,
				BC36445E2622767E16C4D4B5 /* MockScribeProvider.swift in Sources */,
				097667E2CBD98ED27B666656 /* MockTranscriptionEngine.swift in Sources */,
				04CDBB1AEFDB09993E1867FF /* PermissionGuideWindow.swift in Sources */,
				878D21CBB261BD807AC20260 /* PermissionsService.swift in Sources */,
				FECAB8F76B1CB6C9D93969C3 /* PermissionsView.swift in Sources */,
				CED23C0651206274B8D9ECC6 /* PersonalizationModels.swift in Sources */,
				528C236DA42EA03EAB731414 /* PersonalizationStore.swift in Sources */,
				4AE5455D62B547759960A4D8 /* ScribeContextService.swift in Sources */,
				3AD32478D874A45AF9236DBF /* ScribeCoordinator.swift in Sources */,
				3986DD601DC81674550A4CD3 /* ScribeModels.swift in Sources */,
				C71EE7242BD181CB0DDC95E7 /* ScribeProvider.swift in Sources */,
				6CB478AD12E64CFE521C6215 /* SettingsView.swift in Sources */,
				265C72DF972FF33D0A15BFA1 /* ShortcutExpansionService.swift in Sources */,
				21A1017BCC23BECAABA91360 /* StyleProfileResolver.swift in Sources */,
				ABAD465AB72369B95269DDFA /* SystemAudioCaptureService.swift in Sources */,
				ABAAF7AD1FA70D69BA85152C /* TextInsertionService.swift in Sources */,
				314837379E746B0738FE0D05 /* TranscriptionAudioPreprocessor.swift in Sources */,
				EF826D5DA46782A058A62AE8 /* TranscriptionEngine.swift in Sources */,
				92FC15C8C81AF3196473B914 /* VoiceSessionArbiter.swift in Sources */,
				EE054AE21BAF7F07BF62DD2A /* WhisperKitTranscriptionEngine.swift in Sources */,
			);
			runOnlyForDeploymentPostprocessing = 0;
		};
		94943CCF8CDAF6F711DB61FA /* Sources */ = {
			isa = PBXSourcesBuildPhase;
			buildActionMask = 2147483647;
			files = (
				28E458EF554469DF6A804BC5 /* CadenceTests.swift in Sources */,
				6441E942D018DF9194C80446 /* PersonalizationTests.swift in Sources */,
				2D950BB2549846B4C6E7BF2F /* ScribeContextServiceTests.swift in Sources */,
				C3DB8E25F8D83D59D0D0CB53 /* ScribeCoordinatorTests.swift in Sources */,
				4C6CACBC4A395B70FE3BDC11 /* ScribeTests.swift in Sources */,
			);
			runOnlyForDeploymentPostprocessing = 0;
		};
/* End PBXSourcesBuildPhase section */

/* Begin PBXTargetDependency section */
		EFC1C557A6F407EF2ED1660D /* PBXTargetDependency */ = {
			isa = PBXTargetDependency;
			target = 1D9D0CF3C214130166213D80 /* Cadence */;
			targetProxy = 690B1C47F49DC7098F27DBE4 /* PBXContainerItemProxy */;
		};
/* End PBXTargetDependency section */

/* Begin XCBuildConfiguration section */
		0AC6D37A18265C6868E862C8 /* Debug */ = {
			isa = XCBuildConfiguration;
			buildSettings = {
				ASSETCATALOG_COMPILER_APPICON_NAME = AppIcon;
				CODE_SIGN_ENTITLEMENTS = Cadence/Cadence.entitlements;
				CODE_SIGN_IDENTITY = "Apple Development: darsh.shah@icloud.com (7FKP4PLNZ3)";
				CODE_SIGN_STYLE = Manual;
				COMBINE_HIDPI_IMAGES = YES;
				DEVELOPMENT_TEAM = P3MT7UXJ5N;
				GOOGLE_OAUTH_REDIRECT_SCHEME = com.darshshah.Cadence.debug;
				INFOPLIST_FILE = Cadence/Supporting/Info.plist;
				INFOPLIST_KEY_CFBundleDisplayName = "Cadence Debug";
				LD_RUNPATH_SEARCH_PATHS = (
					"$(inherited)",
					"@executable_path/../Frameworks",
				);
				PRODUCT_BUNDLE_IDENTIFIER = com.darshshah.Cadence.debug;
				PRODUCT_MODULE_NAME = Cadence;
				PRODUCT_NAME = "Cadence Debug";
				SDKROOT = macosx;
			};
			name = Debug;
		};
		66FA57B5F57FFDBD1C1E8963 /* Release */ = {
			isa = XCBuildConfiguration;
			buildSettings = {
				ASSETCATALOG_COMPILER_APPICON_NAME = AppIcon;
				CODE_SIGN_ENTITLEMENTS = Cadence/Cadence.entitlements;
				CODE_SIGN_IDENTITY = "Developer ID Application";
				CODE_SIGN_INJECT_BASE_ENTITLEMENTS = NO;
				CODE_SIGN_STYLE = Manual;
				COMBINE_HIDPI_IMAGES = YES;
				DEVELOPMENT_TEAM = P3MT7UXJ5N;
				ENABLE_HARDENED_RUNTIME = YES;
				INFOPLIST_FILE = Cadence/Supporting/Info.plist;
				INFOPLIST_KEY_CFBundleDisplayName = Cadence;
				LD_RUNPATH_SEARCH_PATHS = (
					"$(inherited)",
					"@executable_path/../Frameworks",
				);
				PRODUCT_BUNDLE_IDENTIFIER = com.darshshah.Cadence;
				PRODUCT_NAME = Cadence;
				SDKROOT = macosx;
			};
			name = Release;
		};
		9DBE9E0079A7DB194A03BF0C /* Release */ = {
			isa = XCBuildConfiguration;
			buildSettings = {
				ALWAYS_SEARCH_USER_PATHS = NO;
				CLANG_ANALYZER_NONNULL = YES;
				CLANG_ANALYZER_NUMBER_OBJECT_CONVERSION = YES_AGGRESSIVE;
				CLANG_CXX_LANGUAGE_STANDARD = "gnu++14";
				CLANG_CXX_LIBRARY = "libc++";
				CLANG_ENABLE_MODULES = YES;
				CLANG_ENABLE_OBJC_ARC = YES;
				CLANG_ENABLE_OBJC_WEAK = YES;
				CLANG_WARN_BLOCK_CAPTURE_AUTORELEASING = YES;
				CLANG_WARN_BOOL_CONVERSION = YES;
				CLANG_WARN_COMMA = YES;
				CLANG_WARN_CONSTANT_CONVERSION = YES;
				CLANG_WARN_DEPRECATED_OBJC_IMPLEMENTATIONS = YES;
				CLANG_WARN_DIRECT_OBJC_ISA_USAGE = YES_ERROR;
				CLANG_WARN_DOCUMENTATION_COMMENTS = YES;
				CLANG_WARN_EMPTY_BODY = YES;
				CLANG_WARN_ENUM_CONVERSION = YES;
				CLANG_WARN_INFINITE_RECURSION = YES;
				CLANG_WARN_INT_CONVERSION = YES;
				CLANG_WARN_NON_LITERAL_NULL_CONVERSION = YES;
				CLANG_WARN_OBJC_IMPLICIT_RETAIN_SELF = YES;
				CLANG_WARN_OBJC_LITERAL_CONVERSION = YES;
				CLANG_WARN_OBJC_ROOT_CLASS = YES_ERROR;
				CLANG_WARN_QUOTED_INCLUDE_IN_FRAMEWORK_HEADER = YES;
				CLANG_WARN_RANGE_LOOP_ANALYSIS = YES;
				CLANG_WARN_STRICT_PROTOTYPES = YES;
				CLANG_WARN_SUSPICIOUS_MOVE = YES;
				CLANG_WARN_UNGUARDED_AVAILABILITY = YES_AGGRESSIVE;
				CLANG_WARN_UNREACHABLE_CODE = YES;
				CLANG_WARN__DUPLICATE_METHOD_MATCH = YES;
				COPY_PHASE_STRIP = NO;
				CURRENT_PROJECT_VERSION = 1;
				DEBUG_INFORMATION_FORMAT = "dwarf-with-dsym";
				ENABLE_NS_ASSERTIONS = NO;
				ENABLE_STRICT_OBJC_MSGSEND = YES;
				GCC_C_LANGUAGE_STANDARD = gnu11;
				GCC_NO_COMMON_BLOCKS = YES;
				GCC_WARN_64_TO_32_BIT_CONVERSION = YES;
				GCC_WARN_ABOUT_RETURN_TYPE = YES_ERROR;
				GCC_WARN_UNDECLARED_SELECTOR = YES;
				GCC_WARN_UNINITIALIZED_AUTOS = YES_AGGRESSIVE;
				GCC_WARN_UNUSED_FUNCTION = YES;
				GCC_WARN_UNUSED_VARIABLE = YES;
				GOOGLE_OAUTH_CLIENT_ID = "";
				GOOGLE_OAUTH_CLIENT_SECRET = "";
				GOOGLE_OAUTH_REDIRECT_SCHEME = com.darshshah.Cadence;
				INFOPLIST_FILE = Cadence/Supporting/Info.plist;
				INFOPLIST_KEY_CFBundleDisplayName = Cadence;
				MACOSX_DEPLOYMENT_TARGET = 14.0;
				MARKETING_VERSION = 1.0;
				MTL_ENABLE_DEBUG_INFO = NO;
				MTL_FAST_MATH = YES;
				PRODUCT_BUNDLE_IDENTIFIER = com.darshshah.Cadence;
				PRODUCT_NAME = "$(TARGET_NAME)";
				SDKROOT = macosx;
				SWIFT_COMPILATION_MODE = wholemodule;
				SWIFT_OPTIMIZATION_LEVEL = "-O";
				SWIFT_VERSION = 5.1;
			};
			name = Release;
		};
		A689E1BC11344A42CCA247B3 /* Debug */ = {
			isa = XCBuildConfiguration;
			buildSettings = {
				BUNDLE_LOADER = "$(TEST_HOST)";
				COMBINE_HIDPI_IMAGES = YES;
				GENERATE_INFOPLIST_FILE = YES;
				LD_RUNPATH_SEARCH_PATHS = (
					"$(inherited)",
					"@executable_path/../Frameworks",
					"@loader_path/../Frameworks",
				);
				SDKROOT = macosx;
				TEST_HOST = "$(BUILT_PRODUCTS_DIR)/Cadence Debug.app/Contents/MacOS/Cadence Debug";
			};
			name = Debug;
		};
		C78721ED836CA881972A504D /* Debug */ = {
			isa = XCBuildConfiguration;
			buildSettings = {
				ALWAYS_SEARCH_USER_PATHS = NO;
				CLANG_ANALYZER_NONNULL = YES;
				CLANG_ANALYZER_NUMBER_OBJECT_CONVERSION = YES_AGGRESSIVE;
				CLANG_CXX_LANGUAGE_STANDARD = "gnu++14";
				CLANG_CXX_LIBRARY = "libc++";
				CLANG_ENABLE_MODULES = YES;
				CLANG_ENABLE_OBJC_ARC = YES;
				CLANG_ENABLE_OBJC_WEAK = YES;
				CLANG_WARN_BLOCK_CAPTURE_AUTORELEASING = YES;
				CLANG_WARN_BOOL_CONVERSION = YES;
				CLANG_WARN_COMMA = YES;
				CLANG_WARN_CONSTANT_CONVERSION = YES;
				CLANG_WARN_DEPRECATED_OBJC_IMPLEMENTATIONS = YES;
				CLANG_WARN_DIRECT_OBJC_ISA_USAGE = YES_ERROR;
				CLANG_WARN_DOCUMENTATION_COMMENTS = YES;
				CLANG_WARN_EMPTY_BODY = YES;
				CLANG_WARN_ENUM_CONVERSION = YES;
				CLANG_WARN_INFINITE_RECURSION = YES;
				CLANG_WARN_INT_CONVERSION = YES;
				CLANG_WARN_NON_LITERAL_NULL_CONVERSION = YES;
				CLANG_WARN_OBJC_IMPLICIT_RETAIN_SELF = YES;
				CLANG_WARN_OBJC_LITERAL_CONVERSION = YES;
				CLANG_WARN_OBJC_ROOT_CLASS = YES_ERROR;
				CLANG_WARN_QUOTED_INCLUDE_IN_FRAMEWORK_HEADER = YES;
				CLANG_WARN_RANGE_LOOP_ANALYSIS = YES;
				CLANG_WARN_STRICT_PROTOTYPES = YES;
				CLANG_WARN_SUSPICIOUS_MOVE = YES;
				CLANG_WARN_UNGUARDED_AVAILABILITY = YES_AGGRESSIVE;
				CLANG_WARN_UNREACHABLE_CODE = YES;
				CLANG_WARN__DUPLICATE_METHOD_MATCH = YES;
				COPY_PHASE_STRIP = NO;
				CURRENT_PROJECT_VERSION = 1;
				DEBUG_INFORMATION_FORMAT = dwarf;
				ENABLE_STRICT_OBJC_MSGSEND = YES;
				ENABLE_TESTABILITY = YES;
				GCC_C_LANGUAGE_STANDARD = gnu11;
				GCC_DYNAMIC_NO_PIC = NO;
				GCC_NO_COMMON_BLOCKS = YES;
				GCC_OPTIMIZATION_LEVEL = 0;
				GCC_PREPROCESSOR_DEFINITIONS = (
					"$(inherited)",
					"DEBUG=1",
				);
				GCC_WARN_64_TO_32_BIT_CONVERSION = YES;
				GCC_WARN_ABOUT_RETURN_TYPE = YES_ERROR;
				GCC_WARN_UNDECLARED_SELECTOR = YES;
				GCC_WARN_UNINITIALIZED_AUTOS = YES_AGGRESSIVE;
				GCC_WARN_UNUSED_FUNCTION = YES;
				GCC_WARN_UNUSED_VARIABLE = YES;
				GOOGLE_OAUTH_CLIENT_ID = "";
				GOOGLE_OAUTH_CLIENT_SECRET = "";
				GOOGLE_OAUTH_REDIRECT_SCHEME = com.darshshah.Cadence;
				INFOPLIST_FILE = Cadence/Supporting/Info.plist;
				INFOPLIST_KEY_CFBundleDisplayName = Cadence;
				MACOSX_DEPLOYMENT_TARGET = 14.0;
				MARKETING_VERSION = 1.0;
				MTL_ENABLE_DEBUG_INFO = INCLUDE_SOURCE;
				MTL_FAST_MATH = YES;
				ONLY_ACTIVE_ARCH = YES;
				PRODUCT_BUNDLE_IDENTIFIER = com.darshshah.Cadence;
				PRODUCT_NAME = "$(TARGET_NAME)";
				SDKROOT = macosx;
				SWIFT_ACTIVE_COMPILATION_CONDITIONS = DEBUG;
				SWIFT_OPTIMIZATION_LEVEL = "-Onone";
				SWIFT_VERSION = 5.1;
			};
			name = Debug;
		};
		D702FB8328777E6F85191BAA /* Release */ = {
			isa = XCBuildConfiguration;
			buildSettings = {
				BUNDLE_LOADER = "$(TEST_HOST)";
				COMBINE_HIDPI_IMAGES = YES;
				GENERATE_INFOPLIST_FILE = YES;
				LD_RUNPATH_SEARCH_PATHS = (
					"$(inherited)",
					"@executable_path/../Frameworks",
					"@loader_path/../Frameworks",
				);
				SDKROOT = macosx;
				TEST_HOST = "$(BUILT_PRODUCTS_DIR)/Cadence.app/Contents/MacOS/Cadence";
			};
			name = Release;
		};
/* End XCBuildConfiguration section */

/* Begin XCConfigurationList section */
		07126B28B5B904C139BBD128 /* Build configuration list for PBXNativeTarget "Cadence" */ = {
			isa = XCConfigurationList;
			buildConfigurations = (
				0AC6D37A18265C6868E862C8 /* Debug */,
				66FA57B5F57FFDBD1C1E8963 /* Release */,
			);
			defaultConfigurationIsVisible = 0;
			defaultConfigurationName = Debug;
		};
		66B1F7C89C12897815378340 /* Build configuration list for PBXNativeTarget "CadenceTests" */ = {
			isa = XCConfigurationList;
			buildConfigurations = (
				A689E1BC11344A42CCA247B3 /* Debug */,
				D702FB8328777E6F85191BAA /* Release */,
			);
			defaultConfigurationIsVisible = 0;
			defaultConfigurationName = Debug;
		};
		6735F591880E2DF1BC393107 /* Build configuration list for PBXProject "Cadence" */ = {
			isa = XCConfigurationList;
			buildConfigurations = (
				C78721ED836CA881972A504D /* Debug */,
				9DBE9E0079A7DB194A03BF0C /* Release */,
			);
			defaultConfigurationIsVisible = 0;
			defaultConfigurationName = Debug;
		};
/* End XCConfigurationList section */

/* Begin XCRemoteSwiftPackageReference section */
		5AA91E44175587E60289FC93 /* XCRemoteSwiftPackageReference "argmax-oss-swift" */ = {
			isa = XCRemoteSwiftPackageReference;
			repositoryURL = "https://github.com/argmaxinc/argmax-oss-swift.git";
			requirement = {
				kind = upToNextMajorVersion;
				minimumVersion = 0.18.0;
			};
		};
/* End XCRemoteSwiftPackageReference section */

/* Begin XCSwiftPackageProductDependency section */
		C989632B526AB096BA7C8AAB /* WhisperKit */ = {
			isa = XCSwiftPackageProductDependency;
			package = 5AA91E44175587E60289FC93 /* XCRemoteSwiftPackageReference "argmax-oss-swift" */;
			productName = WhisperKit;
		};
/* End XCSwiftPackageProductDependency section */
	};
	rootObject = 9FA114BF81E88A4D01B65D31 /* Project object */;
}
